
Microsoft Visual Studio Solution File, Format Version 12.00
# Visual Studio Version 17
VisualStudioVersion = 17.5.002.0
MinimumVisualStudioVersion = 10.0.40219.1
Project("{9A19103F-16F7-4668-BE54-9A1E7A4F7556}") = "DesafioFundamentos", "DesafioFundamentos.csproj", "{4D43E2F6-20B7-4252-A598-F96569A3ECFC}"
EndProject
Global
	GlobalSection(SolutionConfigurationPlatforms) = preSolution
		Debug|Any CPU = Debug|Any CPU
		Release|Any CPU = Release|Any CPU
	EndGlobalSection
	GlobalSection(ProjectConfigurationPlatforms) = postSolution
		{4D43E2F6-20B7-4252-A598-F96569A3ECFC}.Debug|Any CPU.ActiveCfg = Debug|Any CPU
		{4D43E2F6-20B7-4252-A598-F96569A3ECFC}.Debug|Any CPU.Build.0 = Debug|Any CPU
		{4D43E2F6-20B7-4252-A598-F96569A3ECFC}.Release|Any CPU.ActiveCfg = Release|Any CPU
		{4D43E2F6-20B7-4252-A598-F96569A3ECFC}.Release|Any CPU.Build.0 = Release|Any CPU
	EndGlobalSection
	GlobalSection(SolutionProperties) = preSolution
		HideSolutionNode = FALSE
	EndGlobalSection
	GlobalSection(ExtensibilityGlobals) = postSolution
		SolutionGuid = {A88BA722-808D-4D9D-8A24-9B9E6FACEC8B}
	EndGlobalSection
EndGlobal
